{
  "name": "ngx-okra",
  "version": "0.0.1",
  "lockfileVersion": 1,
  "requires": true,
  "dependencies": {
    "@ionic-native/core": {
      "version": "5.16.0",
      "resolved": "https://registry.npmjs.org/@ionic-native/core/-/core-5.16.0.tgz",
      "integrity": "sha512-eSneljn24ZCeDssoAusvEP7y7CjIw9pfH1ahtL7Q+gyMZzmFsU6R2RJ6QLmRqjxNO/6EqfjxsSEJ7JZO3qxvSQ==",
      "requires": {
        "@types/cordova": "^0.0.34"
      }
    },
    "@ionic-native/in-app-browser": {
      "version": "5.16.0",
      "resolved": "https://registry.npmjs.org/@ionic-native/in-app-browser/-/in-app-browser-5.16.0.tgz",
      "integrity": "sha512-OgrHGzY6Mf4mZCqMTdH4N+Z+SGMKPmvbnFokGFl/kmpLL83tSfO26E7PbSFMCCJPxsnI4X9bm9EXuzTrUPzhtg==",
      "requires": {
        "@types/cordova": "^0.0.34"
      }
    },
    "@types/cordova": {
      "version": "0.0.34",
      "resolved": "https://registry.npmjs.org/@types/cordova/-/cordova-0.0.34.tgz",
      "integrity": "sha1-6nrd907Ow9dimCegw54smt3HPQQ="
    }
  }
}
